Microsoft Visual Studio Solution File, Format Version 12.00
# Visual Studio 15
VisualStudioVersion = 15.0.28307.106
MinimumVisualStudioVersion = 10.0.40219.1
Project("{9A19103F-16F7-4668-BE54-9A1E7A4F7556}") = "FeaturesDemo_2", "FeaturesDemo_2.csproj", "{0C767D01-710E-B554-1114-4F4B00E475C8}"
EndProject
Global
    GlobalSection(SolutionConfigurationPlatforms) = preSolution
        Debug|Any CPU = Debug|Any CPU
        Release|Any CPU = Release|Any CPU
    EndGlobalSection
    GlobalSection(ProjectConfigurationPlatforms) = postSolution
        {0C767D01-710E-B554-1114-4F4B00E475C8}.Debug|Any CPU.ActiveCfg = Debug|Any CPU
        {0C767D01-710E-B554-1114-4F4B00E475C8}.Debug|Any CPU.Build.0 = Debug|Any CPU
        {0C767D01-710E-B554-1114-4F4B00E475C8}.Release|Any CPU.ActiveCfg = Release|Any CPU
        {0C767D01-710E-B554-1114-4F4B00E475C8}.Release|Any CPU.Build.0 = Release|Any CPU
    EndGlobalSection
    GlobalSection(SolutionProperties) = preSolution
        HideSolutionNode = FALSE
    EndGlobalSection
EndGlobal
